
Microsoft Visual Studio Solution File, Format Version 12.00
# Visual Studio 14
VisualStudioVersion = 14.0.25420.1
MinimumVisualStudioVersion = 10.0.40219.1
Project("{FAE04EC0-301F-11D3-BF4B-00C04F79EFBC}") = "Integration", "Integration.csproj", "{09383832-AC25-47E4-BB72-896C274B84A6}"
EndProject
Project("{FAE04EC0-301F-11D3-BF4B-00C04F79EFBC}") = "ShopifyFBConsole", "..\ShopifyFBConsole\ShopifyFBConsole.csproj", "{F6980BB6-61B0-4EB9-A5A9-308A6E98522F}"
	ProjectSection(ProjectDependencies) = postProject
		{09383832-AC25-47E4-BB72-896C274B84A6} = {09383832-AC25-47E4-BB72-896C274B84A6}
	EndProjectSection
EndProject
Global
	GlobalSection(SolutionConfigurationPlatforms) = preSolution
		Debug|Any CPU = Debug|Any CPU
		Release|Any CPU = Release|Any CPU
	EndGlobalSection
	GlobalSection(ProjectConfigurationPlatforms) = postSolution
		{09383832-AC25-47E4-BB72-896C274B84A6}.Debug|Any CPU.ActiveCfg = Debug|Any CPU
		{09383832-AC25-47E4-BB72-896C274B84A6}.Debug|Any CPU.Build.0 = Debug|Any CPU
		{09383832-AC25-47E4-BB72-896C274B84A6}.Release|Any CPU.ActiveCfg = Release|Any CPU
		{09383832-AC25-47E4-BB72-896C274B84A6}.Release|Any CPU.Build.0 = Release|Any CPU
		{F6980BB6-61B0-4EB9-A5A9-308A6E98522F}.Debug|Any CPU.ActiveCfg = Debug|Any CPU
		{F6980BB6-61B0-4EB9-A5A9-308A6E98522F}.Debug|Any CPU.Build.0 = Debug|Any CPU
		{F6980BB6-61B0-4EB9-A5A9-308A6E98522F}.Release|Any CPU.ActiveCfg = Release|Any CPU
		{F6980BB6-61B0-4EB9-A5A9-308A6E98522F}.Release|Any CPU.Build.0 = Release|Any CPU
	EndGlobalSection
	GlobalSection(SolutionProperties) = preSolution
		HideSolutionNode = FALSE
	EndGlobalSection
EndGlobal
